
Microsoft Visual Studio Solution File, Format Version 12.00
# Visual Studio Version 16
VisualStudioVersion = 16.0.29709.97
MinimumVisualStudioVersion = 10.0.40219.1
Project("{FAE04EC0-301F-11D3-BF4B-00C04F79EFBC}") = "SmartHome.Web", "SmartHome.Web\SmartHome.Web.csproj", "{CB05406C-40E5-438F-B54B-AF3253ABCB6C}"
EndProject
Global
	GlobalSection(SolutionConfigurationPlatforms) = preSolution
		Debug|Any CPU = Debug|Any CPU
		Release|Any CPU = Release|Any CPU
	EndGlobalSection
	GlobalSection(ProjectConfigurationPlatforms) = postSolution
		{CB05406C-40E5-438F-B54B-AF3253ABCB6C}.Debug|Any CPU.ActiveCfg = Debug|Any CPU
		{CB05406C-40E5-438F-B54B-AF3253ABCB6C}.Debug|Any CPU.Build.0 = Debug|Any CPU
		{CB05406C-40E5-438F-B54B-AF3253ABCB6C}.Release|Any CPU.ActiveCfg = Release|Any CPU
		{CB05406C-40E5-438F-B54B-AF3253ABCB6C}.Release|Any CPU.Build.0 = Release|Any CPU
	EndGlobalSection
	GlobalSection(SolutionProperties) = preSolution
		HideSolutionNode = FALSE
	EndGlobalSection
	GlobalSection(ExtensibilityGlobals) = postSolution
		SolutionGuid = {E43A2AA4-40E9-4AE8-A682-AFFAD44A76E9}
	EndGlobalSection
EndGlobal
